
Microsoft Visual Studio Solution File, Format Version 12.00
# Visual Studio Version 17
VisualStudioVersion = 17.0.31903.59
MinimumVisualStudioVersion = 10.0.40219.1
Project("{FAE04EC0-301F-11D3-BF4B-00C04F79EFBC}") = "EMR.Domain", "EMR.Domain\EMR.Domain.csproj", "{A8D330D9-C6E7-46CB-9189-1F9DCB91EA44}"
EndProject
Project("{FAE04EC0-301F-11D3-BF4B-00C04F79EFBC}") = "EMR.Application", "EMR.Application\EMR.Application.csproj", "{00E5B782-AD54-4A16-87B5-FCAF4B54750C}"
EndProject
Project("{FAE04EC0-301F-11D3-BF4B-00C04F79EFBC}") = "EMR.Infrastructure", "EMR.Infrastructure\EMR.Infrastructure.csproj", "{3BF231A2-4BFC-4C71-BEAA-A124DE459A57}"
EndProject
Project("{FAE04EC0-301F-11D3-BF4B-00C04F79EFBC}") = "EMR.API", "EMR.API\EMR.API.csproj", "{CF25AC71-B70B-4CB5-9B6C-F91AA03A4B94}"
EndProject
Project("{FAE04EC0-301F-11D3-BF4B-00C04F79EFBC}") = "EMR.Tests", "EMR.Tests\EMR.Tests.csproj", "{ABA15FE4-2FAA-41C7-9109-FC0E8E718A31}"
EndProject
Project("{FAE04EC0-301F-11D3-BF4B-00C04F79EFBC}") = "EMR.Patient.API", "EMR.Patient.API\EMR.Patient.API.csproj", "{A6D70364-29B3-4D49-9962-B7C877D18DB3}"
EndProject
Project("{FAE04EC0-301F-11D3-BF4B-00C04F79EFBC}") = "EMR.Hospital.API", "EMR.Hospital.API\EMR.Hospital.API.csproj", "{113F07D7-62DB-490E-B974-418C1249E74B}"
EndProject
Project("{FAE04EC0-301F-11D3-BF4B-00C04F79EFBC}") = "EMR.Lab.API", "EMR.Lab.API\EMR.Lab.API.csproj", "{D6490537-8AD2-4771-9360-46C4E3C003C7}"
EndProject
Project("{FAE04EC0-301F-11D3-BF4B-00C04F79EFBC}") = "EMR.Integration.API", "EMR.Integration.API\EMR.Integration.API.csproj", "{B023D103-A866-46C6-A1B2-4E2087F89E13}"
EndProject
Global
	GlobalSection(SolutionConfigurationPlatforms) = preSolution
		Debug|Any CPU = Debug|Any CPU
		Debug|x64 = Debug|x64
		Debug|x86 = Debug|x86
		Release|Any CPU = Release|Any CPU
		Release|x64 = Release|x64
		Release|x86 = Release|x86
	EndGlobalSection
	GlobalSection(ProjectConfigurationPlatforms) = postSolution
		{A8D330D9-C6E7-46CB-9189-1F9DCB91EA44}.Debug|Any CPU.ActiveCfg = Debug|Any CPU
		{A8D330D9-C6E7-46CB-9189-1F9DCB91EA44}.Debug|Any CPU.Build.0 = Debug|Any CPU
		{A8D330D9-C6E7-46CB-9189-1F9DCB91EA44}.Debug|x64.ActiveCfg = Debug|Any CPU
		{A8D330D9-C6E7-46CB-9189-1F9DCB91EA44}.Debug|x64.Build.0 = Debug|Any CPU
		{A8D330D9-C6E7-46CB-9189-1F9DCB91EA44}.Debug|x86.ActiveCfg = Debug|Any CPU
		{A8D330D9-C6E7-46CB-9189-1F9DCB91EA44}.Debug|x86.Build.0 = Debug|Any CPU
		{A8D330D9-C6E7-46CB-9189-1F9DCB91EA44}.Release|Any CPU.ActiveCfg = Release|Any CPU
		{A8D330D9-C6E7-46CB-9189-1F9DCB91EA44}.Release|Any CPU.Build.0 = Release|Any CPU
		{A8D330D9-C6E7-46CB-9189-1F9DCB91EA44}.Release|x64.ActiveCfg = Release|Any CPU
		{A8D330D9-C6E7-46CB-9189-1F9DCB91EA44}.Release|x64.Build.0 = Release|Any CPU
		{A8D330D9-C6E7-46CB-9189-1F9DCB91EA44}.Release|x86.ActiveCfg = Release|Any CPU
		{A8D330D9-C6E7-46CB-9189-1F9DCB91EA44}.Release|x86.Build.0 = Release|Any CPU
		{00E5B782-AD54-4A16-87B5-FCAF4B54750C}.Debug|Any CPU.ActiveCfg = Debug|Any CPU
		{00E5B782-AD54-4A16-87B5-FCAF4B54750C}.Debug|Any CPU.Build.0 = Debug|Any CPU
		{00E5B782-AD54-4A16-87B5-FCAF4B54750C}.Debug|x64.ActiveCfg = Debug|Any CPU
		{00E5B782-AD54-4A16-87B5-FCAF4B54750C}.Debug|x64.Build.0 = Debug|Any CPU
		{00E5B782-AD54-4A16-87B5-FCAF4B54750C}.Debug|x86.ActiveCfg = Debug|Any CPU
		{00E5B782-AD54-4A16-87B5-FCAF4B54750C}.Debug|x86.Build.0 = Debug|Any CPU
		{00E5B782-AD54-4A16-87B5-FCAF4B54750C}.Release|Any CPU.ActiveCfg = Release|Any CPU
		{00E5B782-AD54-4A16-87B5-FCAF4B54750C}.Release|Any CPU.Build.0 = Release|Any CPU
		{00E5B782-AD54-4A16-87B5-FCAF4B54750C}.Release|x64.ActiveCfg = Release|Any CPU
		{00E5B782-AD54-4A16-87B5-FCAF4B54750C}.Release|x64.Build.0 = Release|Any CPU
		{00E5B782-AD54-4A16-87B5-FCAF4B54750C}.Release|x86.ActiveCfg = Release|Any CPU
		{00E5B782-AD54-4A16-87B5-FCAF4B54750C}.Release|x86.Build.0 = Release|Any CPU
		{3BF231A2-4BFC-4C71-BEAA-A124DE459A57}.Debug|Any CPU.ActiveCfg = Debug|Any CPU
		{3BF231A2-4BFC-4C71-BEAA-A124DE459A57}.Debug|Any CPU.Build.0 = Debug|Any CPU
		{3BF231A2-4BFC-4C71-BEAA-A124DE459A57}.Debug|x64.ActiveCfg = Debug|Any CPU
		{3BF231A2-4BFC-4C71-BEAA-A124DE459A57}.Debug|x64.Build.0 = Debug|Any CPU
		{3BF231A2-4BFC-4C71-BEAA-A124DE459A57}.Debug|x86.ActiveCfg = Debug|Any CPU
		{3BF231A2-4BFC-4C71-BEAA-A124DE459A57}.Debug|x86.Build.0 = Debug|Any CPU
		{3BF231A2-4BFC-4C71-BEAA-A124DE459A57}.Release|Any CPU.ActiveCfg = Release|Any CPU
		{3BF231A2-4BFC-4C71-BEAA-A124DE459A57}.Release|Any CPU.Build.0 = Release|Any CPU
		{3BF231A2-4BFC-4C71-BEAA-A124DE459A57}.Release|x64.ActiveCfg = Release|Any CPU
		{3BF231A2-4BFC-4C71-BEAA-A124DE459A57}.Release|x64.Build.0 = Release|Any CPU
		{3BF231A2-4BFC-4C71-BEAA-A124DE459A57}.Release|x86.ActiveCfg = Release|Any CPU
		{3BF231A2-4BFC-4C71-BEAA-A124DE459A57}.Release|x86.Build.0 = Release|Any CPU
		{CF25AC71-B70B-4CB5-9B6C-F91AA03A4B94}.Debug|Any CPU.ActiveCfg = Debug|Any CPU
		{CF25AC71-B70B-4CB5-9B6C-F91AA03A4B94}.Debug|Any CPU.Build.0 = Debug|Any CPU
		{CF25AC71-B70B-4CB5-9B6C-F91AA03A4B94}.Debug|x64.ActiveCfg = Debug|Any CPU
		{CF25AC71-B70B-4CB5-9B6C-F91AA03A4B94}.Debug|x64.Build.0 = Debug|Any CPU
		{CF25AC71-B70B-4CB5-9B6C-F91AA03A4B94}.Debug|x86.ActiveCfg = Debug|Any CPU
		{CF25AC71-B70B-4CB5-9B6C-F91AA03A4B94}.Debug|x86.Build.0 = Debug|Any CPU
		{CF25AC71-B70B-4CB5-9B6C-F91AA03A4B94}.Release|Any CPU.ActiveCfg = Release|Any CPU
		{CF25AC71-B70B-4CB5-9B6C-F91AA03A4B94}.Release|Any CPU.Build.0 = Release|Any CPU
		{CF25AC71-B70B-4CB5-9B6C-F91AA03A4B94}.Release|x64.ActiveCfg = Release|Any CPU
		{CF25AC71-B70B-4CB5-9B6C-F91AA03A4B94}.Release|x64.Build.0 = Release|Any CPU
		{CF25AC71-B70B-4CB5-9B6C-F91AA03A4B94}.Release|x86.ActiveCfg = Release|Any CPU
		{CF25AC71-B70B-4CB5-9B6C-F91AA03A4B94}.Release|x86.Build.0 = Release|Any CPU
		{ABA15FE4-2FAA-41C7-9109-FC0E8E718A31}.Debug|Any CPU.ActiveCfg = Debug|Any CPU
		{ABA15FE4-2FAA-41C7-9109-FC0E8E718A31}.Debug|Any CPU.Build.0 = Debug|Any CPU
		{ABA15FE4-2FAA-41C7-9109-FC0E8E718A31}.Debug|x64.ActiveCfg = Debug|Any CPU
		{ABA15FE4-2FAA-41C7-9109-FC0E8E718A31}.Debug|x64.Build.0 = Debug|Any CPU
		{ABA15FE4-2FAA-41C7-9109-FC0E8E718A31}.Debug|x86.ActiveCfg = Debug|Any CPU
		{ABA15FE4-2FAA-41C7-9109-FC0E8E718A31}.Debug|x86.Build.0 = Debug|Any CPU
		{ABA15FE4-2FAA-41C7-9109-FC0E8E718A31}.Release|Any CPU.ActiveCfg = Release|Any CPU
		{ABA15FE4-2FAA-41C7-9109-FC0E8E718A31}.Release|Any CPU.Build.0 = Release|Any CPU
		{ABA15FE4-2FAA-41C7-9109-FC0E8E718A31}.Release|x64.ActiveCfg = Release|Any CPU
		{ABA15FE4-2FAA-41C7-9109-FC0E8E718A31}.Release|x64.Build.0 = Release|Any CPU
		{ABA15FE4-2FAA-41C7-9109-FC0E8E718A31}.Release|x86.ActiveCfg = Release|Any CPU
		{ABA15FE4-2FAA-41C7-9109-FC0E8E718A31}.Release|x86.Build.0 = Release|Any CPU
		{A6D70364-29B3-4D49-9962-B7C877D18DB3}.Debug|Any CPU.ActiveCfg = Debug|Any CPU
		{A6D70364-29B3-4D49-9962-B7C877D18DB3}.Debug|Any CPU.Build.0 = Debug|Any CPU
		{A6D70364-29B3-4D49-9962-B7C877D18DB3}.Debug|x64.ActiveCfg = Debug|Any CPU
		{A6D70364-29B3-4D49-9962-B7C877D18DB3}.Debug|x64.Build.0 = Debug|Any CPU
		{A6D70364-29B3-4D49-9962-B7C877D18DB3}.Debug|x86.ActiveCfg = Debug|Any CPU
		{A6D70364-29B3-4D49-9962-B7C877D18DB3}.Debug|x86.Build.0 = Debug|Any CPU
		{A6D70364-29B3-4D49-9962-B7C877D18DB3}.Release|Any CPU.ActiveCfg = Release|Any CPU
		{A6D70364-29B3-4D49-9962-B7C877D18DB3}.Release|Any CPU.Build.0 = Release|Any CPU
		{A6D70364-29B3-4D49-9962-B7C877D18DB3}.Release|x64.ActiveCfg = Release|Any CPU
		{A6D70364-29B3-4D49-9962-B7C877D18DB3}.Release|x64.Build.0 = Release|Any CPU
		{A6D70364-29B3-4D49-9962-B7C877D18DB3}.Release|x86.ActiveCfg = Release|Any CPU
		{A6D70364-29B3-4D49-9962-B7C877D18DB3}.Release|x86.Build.0 = Release|Any CPU
		{113F07D7-62DB-490E-B974-418C1249E74B}.Debug|Any CPU.ActiveCfg = Debug|Any CPU
		{113F07D7-62DB-490E-B974-418C1249E74B}.Debug|Any CPU.Build.0 = Debug|Any CPU
		{113F07D7-62DB-490E-B974-418C1249E74B}.Debug|x64.ActiveCfg = Debug|Any CPU
		{113F07D7-62DB-490E-B974-418C1249E74B}.Debug|x64.Build.0 = Debug|Any CPU
		{113F07D7-62DB-490E-B974-418C1249E74B}.Debug|x86.ActiveCfg = Debug|Any CPU
		{113F07D7-62DB-490E-B974-418C1249E74B}.Debug|x86.Build.0 = Debug|Any CPU
		{113F07D7-62DB-490E-B974-418C1249E74B}.Release|Any CPU.ActiveCfg = Release|Any CPU
		{113F07D7-62DB-490E-B974-418C1249E74B}.Release|Any CPU.Build.0 = Release|Any CPU
		{113F07D7-62DB-490E-B974-418C1249E74B}.Release|x64.ActiveCfg = Release|Any CPU
		{113F07D7-62DB-490E-B974-418C1249E74B}.Release|x64.Build.0 = Release|Any CPU
		{113F07D7-62DB-490E-B974-418C1249E74B}.Release|x86.ActiveCfg = Release|Any CPU
		{113F07D7-62DB-490E-B974-418C1249E74B}.Release|x86.Build.0 = Release|Any CPU
		{D6490537-8AD2-4771-9360-46C4E3C003C7}.Debug|Any CPU.ActiveCfg = Debug|Any CPU
		{D6490537-8AD2-4771-9360-46C4E3C003C7}.Debug|Any CPU.Build.0 = Debug|Any CPU
		{D6490537-8AD2-4771-9360-46C4E3C003C7}.Debug|x64.ActiveCfg = Debug|Any CPU
		{D6490537-8AD2-4771-9360-46C4E3C003C7}.Debug|x64.Build.0 = Debug|Any CPU
		{D6490537-8AD2-4771-9360-46C4E3C003C7}.Debug|x86.ActiveCfg = Debug|Any CPU
		{D6490537-8AD2-4771-9360-46C4E3C003C7}.Debug|x86.Build.0 = Debug|Any CPU
		{D6490537-8AD2-4771-9360-46C4E3C003C7}.Release|Any CPU.ActiveCfg = Release|Any CPU
		{D6490537-8AD2-4771-9360-46C4E3C003C7}.Release|Any CPU.Build.0 = Release|Any CPU
		{D6490537-8AD2-4771-9360-46C4E3C003C7}.Release|x64.ActiveCfg = Release|Any CPU
		{D6490537-8AD2-4771-9360-46C4E3C003C7}.Release|x64.Build.0 = Release|Any CPU
		{D6490537-8AD2-4771-9360-46C4E3C003C7}.Release|x86.ActiveCfg = Release|Any CPU
		{D6490537-8AD2-4771-9360-46C4E3C003C7}.Release|x86.Build.0 = Release|Any CPU
		{B023D103-A866-46C6-A1B2-4E2087F89E13}.Debug|Any CPU.ActiveCfg = Debug|Any CPU
		{B023D103-A866-46C6-A1B2-4E2087F89E13}.Debug|Any CPU.Build.0 = Debug|Any CPU
		{B023D103-A866-46C6-A1B2-4E2087F89E13}.Debug|x64.ActiveCfg = Debug|Any CPU
		{B023D103-A866-46C6-A1B2-4E2087F89E13}.Debug|x64.Build.0 = Debug|Any CPU
		{B023D103-A866-46C6-A1B2-4E2087F89E13}.Debug|x86.ActiveCfg = Debug|Any CPU
		{B023D103-A866-46C6-A1B2-4E2087F89E13}.Debug|x86.Build.0 = Debug|Any CPU
		{B023D103-A866-46C6-A1B2-4E2087F89E13}.Release|Any CPU.ActiveCfg = Release|Any CPU
		{B023D103-A866-46C6-A1B2-4E2087F89E13}.Release|Any CPU.Build.0 = Release|Any CPU
		{B023D103-A866-46C6-A1B2-4E2087F89E13}.Release|x64.ActiveCfg = Release|Any CPU
		{B023D103-A866-46C6-A1B2-4E2087F89E13}.Release|x64.Build.0 = Release|Any CPU
		{B023D103-A866-46C6-A1B2-4E2087F89E13}.Release|x86.ActiveCfg = Release|Any CPU
		{B023D103-A866-46C6-A1B2-4E2087F89E13}.Release|x86.Build.0 = Release|Any CPU
	EndGlobalSection
	GlobalSection(SolutionProperties) = preSolution
		HideSolutionNode = FALSE
	EndGlobalSection
EndGlobal
